// !$*UTF8*$!
{
	archiveVersion = 1;
	classes = {
	};
	objectVersion = 51;
	objects = {

/* Begin PBXBuildFile section */
		9A9869C7B3C8F5AF88B9F8D2 /* Pods_Voiceses__iOS_.framework in Frameworks */ = {isa = PBXBuildFile; fileRef = A73E14C250082A6482EC8E87 /* Pods_Voiceses__iOS_.framework */; };
		B7B11286030D6ECFA15E6B17 /* Pods_Voiceses__macOS_.framework in Frameworks */ = {isa = PBXBuildFile; fileRef = 40106E9917A7D79C82DB5B3E /* Pods_Voiceses__macOS_.framework */; };
		CD0BB30E260B259200CD0A03 /* SubjectView.swift in Sources */ = {isa = PBXBuildFile; fileRef = CD0BB30D260B259200CD0A03 /* SubjectView.swift */; };
		CD0BB30F260B259200CD0A03 /* SubjectView.swift in Sources */ = {isa = PBXBuildFile; fileRef = CD0BB30D260B259200CD0A03 /* SubjectView.swift */; };
		CD17F1E1262B18E900C2C903 /* FirebaseDeleteASubjectService.swift in Sources */ = {isa = PBXBuildFile; fileRef = CD17F1E0262B18E900C2C903 /* FirebaseDeleteASubjectService.swift */; };
		CD17F1E2262B18E900C2C903 /* FirebaseDeleteASubjectService.swift in Sources */ = {isa = PBXBuildFile; fileRef = CD17F1E0262B18E900C2C903 /* FirebaseDeleteASubjectService.swift */; };
		CD17F248262B4F1100C2C903 /* SearchBar.swift in Sources */ = {isa = PBXBuildFile; fileRef = CD17F247262B4F1100C2C903 /* SearchBar.swift */; };
		CD17F249262B4F1100C2C903 /* SearchBar.swift in Sources */ = {isa = PBXBuildFile; fileRef = CD17F247262B4F1100C2C903 /* SearchBar.swift */; };
		CD28F978264FD15F00D87DDC /* DateFormatter+Extension.swift in Sources */ = {isa = PBXBuildFile; fileRef = CD28F977264FD15F00D87DDC /* DateFormatter+Extension.swift */; };
		CD28F979264FD15F00D87DDC /* DateFormatter+Extension.swift in Sources */ = {isa = PBXBuildFile; fileRef = CD28F977264FD15F00D87DDC /* DateFormatter+Extension.swift */; };
		CD28F97F264FD28600D87DDC /* Date+Extension.swift in Sources */ = {isa = PBXBuildFile; fileRef = CD28F97E264FD28600D87DDC /* Date+Extension.swift */; };
		CD28F980264FD28600D87DDC /* Date+Extension.swift in Sources */ = {isa = PBXBuildFile; fileRef = CD28F97E264FD28600D87DDC /* Date+Extension.swift */; };
		CD28F98A264FEE3700D87DDC /* CardView.swift in Sources */ = {isa = PBXBuildFile; fileRef = CD28F989264FEE3700D87DDC /* CardView.swift */; };
		CD28F98B264FEE3700D87DDC /* CardView.swift in Sources */ = {isa = PBXBuildFile; fileRef = CD28F989264FEE3700D87DDC /* CardView.swift */; };
		CD28F9BA2650496800D87DDC /* FirebaseDeleteACardService.swift in Sources */ = {isa = PBXBuildFile; fileRef = CD28F9B92650496800D87DDC /* FirebaseDeleteACardService.swift */; };
		CD28F9BB2650496800D87DDC /* FirebaseDeleteACardService.swift in Sources */ = {isa = PBXBuildFile; fileRef = CD28F9B92650496800D87DDC /* FirebaseDeleteACardService.swift */; };
		CD3072CC2635E62A00E4C743 /* CardsSceneViewModel.swift in Sources */ = {isa = PBXBuildFile; fileRef = CD3072CB2635E62A00E4C743 /* CardsSceneViewModel.swift */; };
		CD3072CD2635E62A00E4C743 /* CardsSceneViewModel.swift in Sources */ = {isa = PBXBuildFile; fileRef = CD3072CB2635E62A00E4C743 /* CardsSceneViewModel.swift */; };
		CD3072D32635E73900E4C743 /* FirebaseGetCardsService.swift in Sources */ = {isa = PBXBuildFile; fileRef = CD3072D22635E73900E4C743 /* FirebaseGetCardsService.swift */; };
		CD3072D42635E73900E4C743 /* FirebaseGetCardsService.swift in Sources */ = {isa = PBXBuildFile; fileRef = CD3072D22635E73900E4C743 /* FirebaseGetCardsService.swift */; };
		CD30732D263752DC00E4C743 /* AddNewLectureScene_temp.swift in Sources */ = {isa = PBXBuildFile; fileRef = CD30732C263752DC00E4C743 /* AddNewLectureScene_temp.swift */; };
		CD30732E263752DC00E4C743 /* AddNewLectureScene_temp.swift in Sources */ = {isa = PBXBuildFile; fileRef = CD30732C263752DC00E4C743 /* AddNewLectureScene_temp.swift */; };
		CD6078F326107FAC00928B20 /* SettingsScene.swift in Sources */ = {isa = PBXBuildFile; fileRef = CD6078F226107FAC00928B20 /* SettingsScene.swift */; };
		CD6078F426107FAC00928B20 /* SettingsScene.swift in Sources */ = {isa = PBXBuildFile; fileRef = CD6078F226107FAC00928B20 /* SettingsScene.swift */; };
		CD6079112610873C00928B20 /* AddNewSubjectViewModel.swift in Sources */ = {isa = PBXBuildFile; fileRef = CD6079102610873C00928B20 /* AddNewSubjectViewModel.swift */; };
		CD6079122610873C00928B20 /* AddNewSubjectViewModel.swift in Sources */ = {isa = PBXBuildFile; fileRef = CD6079102610873C00928B20 /* AddNewSubjectViewModel.swift */; };
		CD607956261096B400928B20 /* FirebaseAddNewSubjectService.swift in Sources */ = {isa = PBXBuildFile; fileRef = CD607955261096B400928B20 /* FirebaseAddNewSubjectService.swift */; };
		CD60795E2610974B00928B20 /* FirebaseDatabaseService.swift in Sources */ = {isa = PBXBuildFile; fileRef = CD60795D2610974B00928B20 /* FirebaseDatabaseService.swift */; };
		CD60798126109B5300928B20 /* FirebaseAuthenticationService.swift in Sources */ = {isa = PBXBuildFile; fileRef = CD60798026109B5300928B20 /* FirebaseAuthenticationService.swift */; };
		CD6079BC2610A59F00928B20 /* FirebaseAuthenticationService.swift in Sources */ = {isa = PBXBuildFile; fileRef = CD60798026109B5300928B20 /* FirebaseAuthenticationService.swift */; };
		CD6079C62610A5A600928B20 /* FirebaseAddNewSubjectService.swift in Sources */ = {isa = PBXBuildFile; fileRef = CD607955261096B400928B20 /* FirebaseAddNewSubjectService.swift */; };
		CD6079CB2610A5A800928B20 /* FirebaseDatabaseService.swift in Sources */ = {isa = PBXBuildFile; fileRef = CD60795D2610974B00928B20 /* FirebaseDatabaseService.swift */; };
		CD6079EE2610AE5F00928B20 /* UIView+Extension.swift in Sources */ = {isa = PBXBuildFile; fileRef = CD6079ED2610AE5F00928B20 /* UIView+Extension.swift */; };
		CD6079EF2610AE5F00928B20 /* UIView+Extension.swift in Sources */ = {isa = PBXBuildFile; fileRef = CD6079ED2610AE5F00928B20 /* UIView+Extension.swift */; };
		CD6079F52610D2B700928B20 /* Encodable+Extension.swift in Sources */ = {isa = PBXBuildFile; fileRef = CD6079F42610D2B700928B20 /* Encodable+Extension.swift */; };
		CD6079F62610D2B700928B20 /* Encodable+Extension.swift in Sources */ = {isa = PBXBuildFile; fileRef = CD6079F42610D2B700928B20 /* Encodable+Extension.swift */; };
		CD607A1D2610DAA800928B20 /* Decodable+Extension.swift in Sources */ = {isa = PBXBuildFile; fileRef = CD607A1C2610DAA800928B20 /* Decodable+Extension.swift */; };
		CD607A1E2610DAA800928B20 /* Decodable+Extension.swift in Sources */ = {isa = PBXBuildFile; fileRef = CD607A1C2610DAA800928B20 /* Decodable+Extension.swift */; };
		CD8F03CC264550B500059C53 /* FirebaseAddNewCardImageFirebaseService.swift in Sources */ = {isa = PBXBuildFile; fileRef = CD8F03CB264550B500059C53 /* FirebaseAddNewCardImageFirebaseService.swift */; };
		CD8F03D6264550E600059C53 /* FirebaseStorageService.swift in Sources */ = {isa = PBXBuildFile; fileRef = CD8F03D5264550E600059C53 /* FirebaseStorageService.swift */; };
		CD8F03FD264566C900059C53 /* FirebaseAddNewCardService.swift in Sources */ = {isa = PBXBuildFile; fileRef = CD8F03FC264566C900059C53 /* FirebaseAddNewCardService.swift */; };
		CD8F040B264567BC00059C53 /* Card.swift in Sources */ = {isa = PBXBuildFile; fileRef = CD8F040A264567BC00059C53 /* Card.swift */; };
		CD8F040C264567BC00059C53 /* Card.swift in Sources */ = {isa = PBXBuildFile; fileRef = CD8F040A264567BC00059C53 /* Card.swift */; };
		CD96751D26065E420067FCC5 /* SubjectsScene.swift in Sources */ = {isa = PBXBuildFile; fileRef = CDD0B7F9260638DE003537A8 /* SubjectsScene.swift */; };
		CD96752226065E440067FCC5 /* CalanderScene.swift in Sources */ = {isa = PBXBuildFile; fileRef = CDD0B80226063A1B003537A8 /* CalanderScene.swift */; };
		CD96752726065E460067FCC5 /* SearchScene.swift in Sources */ = {isa = PBXBuildFile; fileRef = CDD0B80826063A2C003537A8 /* SearchScene.swift */; };
		CD96752C26065E490067FCC5 /* CardsScene.swift in Sources */ = {isa = PBXBuildFile; fileRef = CDD0B80E26063A38003537A8 /* CardsScene.swift */; };
		CD96753126065E4F0067FCC5 /* HomeScene.swift in Sources */ = {isa = PBXBuildFile; fileRef = CDFA977F2600A4F0006DB5A6 /* HomeScene.swift */; };
		CD96753626065E550067FCC5 /* NavigationItem.swift in Sources */ = {isa = PBXBuildFile; fileRef = CDD0B81526063AB3003537A8 /* NavigationItem.swift */; };
		CD96753C26066F260067FCC5 /* Subject.swift in Sources */ = {isa = PBXBuildFile; fileRef = CD96753B26066F260067FCC5 /* Subject.swift */; };
		CD96753D26066F260067FCC5 /* Subject.swift in Sources */ = {isa = PBXBuildFile; fileRef = CD96753B26066F260067FCC5 /* Subject.swift */; };
		CDA2E504263DA17300ED287C /* AddNewCardScene.swift in Sources */ = {isa = PBXBuildFile; fileRef = CDA2E503263DA17300ED287C /* AddNewCardScene.swift */; };
		CDA2E555263DD8F500ED287C /* AddNewCardViewModel.swift in Sources */ = {isa = PBXBuildFile; fileRef = CDA2E554263DD8F500ED287C /* AddNewCardViewModel.swift */; };
		CDD0B7FA260638DE003537A8 /* SubjectsScene.swift in Sources */ = {isa = PBXBuildFile; fileRef = CDD0B7F9260638DE003537A8 /* SubjectsScene.swift */; };
		CDD0B80326063A1B003537A8 /* CalanderScene.swift in Sources */ = {isa = PBXBuildFile; fileRef = CDD0B80226063A1B003537A8 /* CalanderScene.swift */; };
		CDD0B80926063A2C003537A8 /* SearchScene.swift in Sources */ = {isa = PBXBuildFile; fileRef = CDD0B80826063A2C003537A8 /* SearchScene.swift */; };
		CDD0B80F26063A38003537A8 /* CardsScene.swift in Sources */ = {isa = PBXBuildFile; fileRef = CDD0B80E26063A38003537A8 /* CardsScene.swift */; };
		CDD0B81626063AB3003537A8 /* NavigationItem.swift in Sources */ = {isa = PBXBuildFile; fileRef = CDD0B81526063AB3003537A8 /* NavigationItem.swift */; };
		CDD9DFF225FD13CE00E3BF53 /* Tests_iOS.swift in Sources */ = {isa = PBXBuildFile; fileRef = CDD9DFF125FD13CE00E3BF53 /* Tests_iOS.swift */; };
		CDD9DFFD25FD13CE00E3BF53 /* Tests_macOS.swift in Sources */ = {isa = PBXBuildFile; fileRef = CDD9DFFC25FD13CE00E3BF53 /* Tests_macOS.swift */; };
		CDD9DFFF25FD13CE00E3BF53 /* VoicesesApp.swift in Sources */ = {isa = PBXBuildFile; fileRef = CDD9DFD625FD13CD00E3BF53 /* VoicesesApp.swift */; };
		CDD9E00025FD13CE00E3BF53 /* VoicesesApp.swift in Sources */ = {isa = PBXBuildFile; fileRef = CDD9DFD625FD13CD00E3BF53 /* VoicesesApp.swift */; };
		CDD9E00125FD13CE00E3BF53 /* LunchWindow.swift in Sources */ = {isa = PBXBuildFile; fileRef = CDD9DFD725FD13CD00E3BF53 /* LunchWindow.swift */; };
		CDD9E00225FD13CE00E3BF53 /* LunchWindow.swift in Sources */ = {isa = PBXBuildFile; fileRef = CDD9DFD725FD13CD00E3BF53 /* LunchWindow.swift */; };
		CDD9E00325FD13CE00E3BF53 /* Assets.xcassets in Resources */ = {isa = PBXBuildFile; fileRef = CDD9DFD825FD13CE00E3BF53 /* Assets.xcassets */; };
		CDD9E00425FD13CE00E3BF53 /* Assets.xcassets in Resources */ = {isa = PBXBuildFile; fileRef = CDD9DFD825FD13CE00E3BF53 /* Assets.xcassets */; };
		CDD9E01925FD1B9900E3BF53 /* GoogleService-Info.plist in Resources */ = {isa = PBXBuildFile; fileRef = CDD9E01825FD1B9900E3BF53 /* GoogleService-Info.plist */; };
		CDD9E01A25FD1B9900E3BF53 /* GoogleService-Info.plist in Resources */ = {isa = PBXBuildFile; fileRef = CDD9E01825FD1B9900E3BF53 /* GoogleService-Info.plist */; };
		CDD9E03D25FD3D6000E3BF53 /* LoginScene.swift in Sources */ = {isa = PBXBuildFile; fileRef = CDD9E03C25FD3D6000E3BF53 /* LoginScene.swift */; };
		CDD9E03E25FD3D6000E3BF53 /* LoginScene.swift in Sources */ = {isa = PBXBuildFile; fileRef = CDD9E03C25FD3D6000E3BF53 /* LoginScene.swift */; };
		CDD9E05425FE2C0600E3BF53 /* LoginViewModel.swift in Sources */ = {isa = PBXBuildFile; fileRef = CDD9E05325FE2C0600E3BF53 /* LoginViewModel.swift */; };
		CDD9E05525FE2C0600E3BF53 /* LoginViewModel.swift in Sources */ = {isa = PBXBuildFile; fileRef = CDD9E05325FE2C0600E3BF53 /* LoginViewModel.swift */; };
		CDEE1DA7260DDD31005F6D07 /* Colors+Extenison.swift in Sources */ = {isa = PBXBuildFile; fileRef = CDEE1DA6260DDD31005F6D07 /* Colors+Extenison.swift */; };
		CDEE1DA8260DDD31005F6D07 /* Colors+Extenison.swift in Sources */ = {isa = PBXBuildFile; fileRef = CDEE1DA6260DDD31005F6D07 /* Colors+Extenison.swift */; };
		CDEE1DB8260DDE72005F6D07 /* AddNewSubjectScene.swift in Sources */ = {isa = PBXBuildFile; fileRef = CDEE1DB7260DDE72005F6D07 /* AddNewSubjectScene.swift */; };
		CDEE1DB9260DDE72005F6D07 /* AddNewSubjectScene.swift in Sources */ = {isa = PBXBuildFile; fileRef = CDEE1DB7260DDE72005F6D07 /* AddNewSubjectScene.swift */; };
		CDF1C1C72664F228002BF9E4 /* GlobalService.swift in Sources */ = {isa = PBXBuildFile; fileRef = CDF1C1C62664F228002BF9E4 /* GlobalService.swift */; };
		CDF1C1C82664F228002BF9E4 /* GlobalService.swift in Sources */ = {isa = PBXBuildFile; fileRef = CDF1C1C62664F228002BF9E4 /* GlobalService.swift */; };
		CDF1C1D32664F92A002BF9E4 /* ImageCache.swift in Sources */ = {isa = PBXBuildFile; fileRef = CDF1C1D22664F92A002BF9E4 /* ImageCache.swift */; };
		CDF1C1D42664F92A002BF9E4 /* ImageCache.swift in Sources */ = {isa = PBXBuildFile; fileRef = CDF1C1D22664F92A002BF9E4 /* ImageCache.swift */; };
		CDF24DCD2618BB9100CC866F /* LunchWindowViewModel.swift in Sources */ = {isa = PBXBuildFile; fileRef = CDF24DCC2618BB9100CC866F /* LunchWindowViewModel.swift */; };
		CDF24DCE2618BB9100CC866F /* LunchWindowViewModel.swift in Sources */ = {isa = PBXBuildFile; fileRef = CDF24DCC2618BB9100CC866F /* LunchWindowViewModel.swift */; };
		CDF24DF52618C67500CC866F /* SubjectsSceneViewModel.swift in Sources */ = {isa = PBXBuildFile; fileRef = CDF24DF42618C67500CC866F /* SubjectsSceneViewModel.swift */; };
		CDF24DF62618C67500CC866F /* SubjectsSceneViewModel.swift in Sources */ = {isa = PBXBuildFile; fileRef = CDF24DF42618C67500CC866F /* SubjectsSceneViewModel.swift */; };
		CDF24DFC2618C97200CC866F /* FirebaseGetSubjectsService.swift in Sources */ = {isa = PBXBuildFile; fileRef = CDF24DFB2618C97200CC866F /* FirebaseGetSubjectsService.swift */; };
		CDF24DFD2618C97200CC866F /* FirebaseGetSubjectsService.swift in Sources */ = {isa = PBXBuildFile; fileRef = CDF24DFB2618C97200CC866F /* FirebaseGetSubjectsService.swift */; };
		CDFA97802600A4F0006DB5A6 /* HomeScene.swift in Sources */ = {isa = PBXBuildFile; fileRef = CDFA977F2600A4F0006DB5A6 /* HomeScene.swift */; };
		CDFA979F2600A821006DB5A6 /* SideBar.swift in Sources */ = {isa = PBXBuildFile; fileRef = CDFA979E2600A821006DB5A6 /* SideBar.swift */; };
		CDFA97A02600A821006DB5A6 /* SideBar.swift in Sources */ = {isa = PBXBuildFile; fileRef = CDFA979E2600A821006DB5A6 /* SideBar.swift */; };
/* End PBXBuildFile section */

/* Begin PBXContainerItemProxy section */
		CDD9DFEE25FD13CE00E3BF53 /* PBXContainerItemProxy */ = {
			isa = PBXContainerItemProxy;
			containerPortal = CDD9DFD125FD13CD00E3BF53 /* Project object */;
			proxyType = 1;
			remoteGlobalIDString = CDD9DFDC25FD13CE00E3BF53;
			remoteInfo = "Voiceses (iOS)";
		};
		CDD9DFF925FD13CE00E3BF53 /* PBXContainerItemProxy */ = {
			isa = PBXContainerItemProxy;
			containerPortal = CDD9DFD125FD13CD00E3BF53 /* Project object */;
			proxyType = 1;
			remoteGlobalIDString = CDD9DFE425FD13CE00E3BF53;
			remoteInfo = "Voiceses (macOS)";
		};
/* End PBXContainerItemProxy section */

/* Begin PBXFileReference section */
		07F20FD7E91CE384244DC589 /* Pods-Voiceses (macOS).debug.xcconfig */ = {isa = PBXFileReference; includeInIndex = 1; lastKnownFileType = text.xcconfig; name = "Pods-Voiceses (macOS).debug.xcconfig"; path = "Target Support Files/Pods-Voiceses (macOS)/Pods-Voiceses (macOS).debug.xcconfig"; sourceTree = "<group>"; };
		40106E9917A7D79C82DB5B3E /* Pods_Voiceses__macOS_.framework */ = {isa = PBXFileReference; explicitFileType = wrapper.framework; includeInIndex = 0; path = Pods_Voiceses__macOS_.framework; sourceTree = BUILT_PRODUCTS_DIR; };
		6E88E14D52F7AD55086DF537 /* Pods-Voiceses (macOS).release.xcconfig */ = {isa = PBXFileReference; includeInIndex = 1; lastKnownFileType = text.xcconfig; name = "Pods-Voiceses (macOS).release.xcconfig"; path = "Target Support Files/Pods-Voiceses (macOS)/Pods-Voiceses (macOS).release.xcconfig"; sourceTree = "<group>"; };
		7B0BF16A397CB5E9A32E9A3C /* Pods-Voiceses (iOS).debug.xcconfig */ = {isa = PBXFileReference; includeInIndex = 1; lastKnownFileType = text.xcconfig; name = "Pods-Voiceses (iOS).debug.xcconfig"; path = "Target Support Files/Pods-Voiceses (iOS)/Pods-Voiceses (iOS).debug.xcconfig"; sourceTree = "<group>"; };
		A73E14C250082A6482EC8E87 /* Pods_Voiceses__iOS_.framework */ = {isa = PBXFileReference; explicitFileType = wrapper.framework; includeInIndex = 0; path = Pods_Voiceses__iOS_.framework; sourceTree = BUILT_PRODUCTS_DIR; };
		B322BFA62899C9BEE5F20A85 /* Pods-Voiceses (iOS).release.xcconfig */ = {isa = PBXFileReference; includeInIndex = 1; lastKnownFileType = text.xcconfig; name = "Pods-Voiceses (iOS).release.xcconfig"; path = "Target Support Files/Pods-Voiceses (iOS)/Pods-Voiceses (iOS).release.xcconfig"; sourceTree = "<group>"; };
		CD0BB30D260B259200CD0A03 /* SubjectView.swift */ = {isa = PBXFileReference; lastKnownFileType = sourcecode.swift; path = SubjectView.swift; sourceTree = "<group>"; };
		CD17F1E0262B18E900C2C903 /* FirebaseDeleteASubjectService.swift */ = {isa = PBXFileReference; lastKnownFileType = sourcecode.swift; path = FirebaseDeleteASubjectService.swift; sourceTree = "<group>"; };
		CD17F247262B4F1100C2C903 /* SearchBar.swift */ = {isa = PBXFileReference; lastKnownFileType = sourcecode.swift; path = SearchBar.swift; sourceTree = "<group>"; };
		CD28F977264FD15F00D87DDC /* DateFormatter+Extension.swift */ = {isa = PBXFileReference; lastKnownFileType = sourcecode.swift; path = "DateFormatter+Extension.swift"; sourceTree = "<group>"; };
		CD28F97E264FD28600D87DDC /* Date+Extension.swift */ = {isa = PBXFileReference; lastKnownFileType = sourcecode.swift; path = "Date+Extension.swift"; sourceTree = "<group>"; };
		CD28F989264FEE3700D87DDC /* CardView.swift */ = {isa = PBXFileReference; lastKnownFileType = sourcecode.swift; path = CardView.swift; sourceTree = "<group>"; };
		CD28F9B92650496800D87DDC /* FirebaseDeleteACardService.swift */ = {isa = PBXFileReference; lastKnownFileType = sourcecode.swift; path = FirebaseDeleteACardService.swift; sourceTree = "<group>"; };
		CD3072CB2635E62A00E4C743 /* CardsSceneViewModel.swift */ = {isa = PBXFileReference; lastKnownFileType = sourcecode.swift; path = CardsSceneViewModel.swift; sourceTree = "<group>"; };
		CD3072D22635E73900E4C743 /* FirebaseGetCardsService.swift */ = {isa = PBXFileReference; lastKnownFileType = sourcecode.swift; path = FirebaseGetCardsService.swift; sourceTree = "<group>"; };
		CD30732C263752DC00E4C743 /* AddNewLectureScene_temp.swift */ = {isa = PBXFileReference; lastKnownFileType = sourcecode.swift; path = AddNewLectureScene_temp.swift; sourceTree = "<group>"; };
		CD6078F226107FAC00928B20 /* SettingsScene.swift */ = {isa = PBXFileReference; lastKnownFileType = sourcecode.swift; path = SettingsScene.swift; sourceTree = "<group>"; };
		CD6079102610873C00928B20 /* AddNewSubjectViewModel.swift */ = {isa = PBXFileReference; lastKnownFileType = sourcecode.swift; path = AddNewSubjectViewModel.swift; sourceTree = "<group>"; };
		CD607955261096B400928B20 /* FirebaseAddNewSubjectService.swift */ = {isa = PBXFileReference; lastKnownFileType = sourcecode.swift; path = FirebaseAddNewSubjectService.swift; sourceTree = "<group>"; };
		CD60795D2610974B00928B20 /* FirebaseDatabaseService.swift */ = {isa = PBXFileReference; lastKnownFileType = sourcecode.swift; path = FirebaseDatabaseService.swift; sourceTree = "<group>"; };
		CD60798026109B5300928B20 /* FirebaseAuthenticationService.swift */ = {isa = PBXFileReference; lastKnownFileType = sourcecode.swift; path = FirebaseAuthenticationService.swift; sourceTree = "<group>"; };
		CD6079ED2610AE5F00928B20 /* UIView+Extension.swift */ = {isa = PBXFileReference; lastKnownFileType = sourcecode.swift; path = "UIView+Extension.swift"; sourceTree = "<group>"; };
		CD6079F42610D2B700928B20 /* Encodable+Extension.swift */ = {isa = PBXFileReference; lastKnownFileType = sourcecode.swift; path = "Encodable+Extension.swift"; sourceTree = "<group>"; };
		CD607A1C2610DAA800928B20 /* Decodable+Extension.swift */ = {isa = PBXFileReference; lastKnownFileType = sourcecode.swift; path = "Decodable+Extension.swift"; sourceTree = "<group>"; };
		CD8F03CB264550B500059C53 /* FirebaseAddNewCardImageFirebaseService.swift */ = {isa = PBXFileReference; lastKnownFileType = sourcecode.swift; path = FirebaseAddNewCardImageFirebaseService.swift; sourceTree = "<group>"; };
		CD8F03D5264550E600059C53 /* FirebaseStorageService.swift */ = {isa = PBXFileReference; lastKnownFileType = sourcecode.swift; path = FirebaseStorageService.swift; sourceTree = "<group>"; };
		CD8F03FC264566C900059C53 /* FirebaseAddNewCardService.swift */ = {isa = PBXFileReference; lastKnownFileType = sourcecode.swift; path = FirebaseAddNewCardService.swift; sourceTree = "<group>"; };
		CD8F040A264567BC00059C53 /* Card.swift */ = {isa = PBXFileReference; lastKnownFileType = sourcecode.swift; path = Card.swift; sourceTree = "<group>"; };
		CD96753B26066F260067FCC5 /* Subject.swift */ = {isa = PBXFileReference; lastKnownFileType = sourcecode.swift; path = Subject.swift; sourceTree = "<group>"; };
		CDA2E503263DA17300ED287C /* AddNewCardScene.swift */ = {isa = PBXFileReference; lastKnownFileType = sourcecode.swift; path = AddNewCardScene.swift; sourceTree = "<group>"; };
		CDA2E554263DD8F500ED287C /* AddNewCardViewModel.swift */ = {isa = PBXFileReference; lastKnownFileType = sourcecode.swift; path = AddNewCardViewModel.swift; sourceTree = "<group>"; };
		CDD0B7F9260638DE003537A8 /* SubjectsScene.swift */ = {isa = PBXFileReference; lastKnownFileType = sourcecode.swift; path = SubjectsScene.swift; sourceTree = "<group>"; };
		CDD0B80226063A1B003537A8 /* CalanderScene.swift */ = {isa = PBXFileReference; lastKnownFileType = sourcecode.swift; path = CalanderScene.swift; sourceTree = "<group>"; };
		CDD0B80826063A2C003537A8 /* SearchScene.swift */ = {isa = PBXFileReference; lastKnownFileType = sourcecode.swift; path = SearchScene.swift; sourceTree = "<group>"; };
		CDD0B80E26063A38003537A8 /* CardsScene.swift */ = {isa = PBXFileReference; lastKnownFileType = sourcecode.swift; path = CardsScene.swift; sourceTree = "<group>"; };
		CDD0B81526063AB3003537A8 /* NavigationItem.swift */ = {isa = PBXFileReference; lastKnownFileType = sourcecode.swift; path = NavigationItem.swift; sourceTree = "<group>"; };
		CDD9DFD625FD13CD00E3BF53 /* VoicesesApp.swift */ = {isa = PBXFileReference; lastKnownFileType = sourcecode.swift; path = VoicesesApp.swift; sourceTree = "<group>"; };
		CDD9DFD725FD13CD00E3BF53 /* LunchWindow.swift */ = {isa = PBXFileReference; lastKnownFileType = sourcecode.swift; path = LunchWindow.swift; sourceTree = "<group>"; };
		CDD9DFD825FD13CE00E3BF53 /* Assets.xcassets */ = {isa = PBXFileReference; lastKnownFileType = folder.assetcatalog; path = Assets.xcassets; sourceTree = "<group>"; };
		CDD9DFDD25FD13CE00E3BF53 /* Voiceses.app */ = {isa = PBXFileReference; explicitFileType = wrapper.application; includeInIndex = 0; path = Voiceses.app; sourceTree = BUILT_PRODUCTS_DIR; };
		CDD9DFE025FD13CE00E3BF53 /* Info.plist */ = {isa = PBXFileReference; lastKnownFileType = text.plist.xml; path = Info.plist; sourceTree = "<group>"; };
		CDD9DFE525FD13CE00E3BF53 /* Voiceses.app */ = {isa = PBXFileReference; explicitFileType = wrapper.application; includeInIndex = 0; path = Voiceses.app; sourceTree = BUILT_PRODUCTS_DIR; };
		CDD9DFE725FD13CE00E3BF53 /* Info.plist */ = {isa = PBXFileReference; lastKnownFileType = text.plist.xml; path = Info.plist; sourceTree = "<group>"; };
		CDD9DFE825FD13CE00E3BF53 /* macOS.entitlements */ = {isa = PBXFileReference; lastKnownFileType = text.plist.entitlements; path = macOS.entitlements; sourceTree = "<group>"; };
		CDD9DFED25FD13CE00E3BF53 /* Tests iOS.xctest */ = {isa = PBXFileReference; explicitFileType = wrapper.cfbundle; includeInIndex = 0; path = "Tests iOS.xctest"; sourceTree = BUILT_PRODUCTS_DIR; };
		CDD9DFF125FD13CE00E3BF53 /* Tests_iOS.swift */ = {isa = PBXFileReference; lastKnownFileType = sourcecode.swift; path = Tests_iOS.swift; sourceTree = "<group>"; };
		CDD9DFF325FD13CE00E3BF53 /* Info.plist */ = {isa = PBXFileReference; lastKnownFileType = text.plist.xml; path = Info.plist; sourceTree = "<group>"; };
		CDD9DFF825FD13CE00E3BF53 /* Tests macOS.xctest */ = {isa = PBXFileReference; explicitFileType = wrapper.cfbundle; includeInIndex = 0; path = "Tests macOS.xctest"; sourceTree = BUILT_PRODUCTS_DIR; };
		CDD9DFFC25FD13CE00E3BF53 /* Tests_macOS.swift */ = {isa = PBXFileReference; lastKnownFileType = sourcecode.swift; path = Tests_macOS.swift; sourceTree = "<group>"; };
		CDD9DFFE25FD13CE00E3BF53 /* Info.plist */ = {isa = PBXFileReference; lastKnownFileType = text.plist.xml; path = Info.plist; sourceTree = "<group>"; };
		CDD9E01825FD1B9900E3BF53 /* GoogleService-Info.plist */ = {isa = PBXFileReference; fileEncoding = 4; lastKnownFileType = text.plist.xml; path = "GoogleService-Info.plist"; sourceTree = "<group>"; };
		CDD9E03C25FD3D6000E3BF53 /* LoginScene.swift */ = {isa = PBXFileReference; lastKnownFileType = sourcecode.swift; path = LoginScene.swift; sourceTree = "<group>"; };
		CDD9E04925FD626400E3BF53 /* Voiceses.entitlements */ = {isa = PBXFileReference; lastKnownFileType = text.plist.entitlements; path = Voiceses.entitlements; sourceTree = "<group>"; };
		CDD9E05325FE2C0600E3BF53 /* LoginViewModel.swift */ = {isa = PBXFileReference; lastKnownFileType = sourcecode.swift; path = LoginViewModel.swift; sourceTree = "<group>"; };
		CDEE1DA6260DDD31005F6D07 /* Colors+Extenison.swift */ = {isa = PBXFileReference; lastKnownFileType = sourcecode.swift; path = "Colors+Extenison.swift"; sourceTree = "<group>"; };
		CDEE1DB7260DDE72005F6D07 /* AddNewSubjectScene.swift */ = {isa = PBXFileReference; lastKnownFileType = sourcecode.swift; path = AddNewSubjectScene.swift; sourceTree = "<group>"; };
		CDF1C1C62664F228002BF9E4 /* GlobalService.swift */ = {isa = PBXFileReference; lastKnownFileType = sourcecode.swift; path = GlobalService.swift; sourceTree = "<group>"; };
		CDF1C1D22664F92A002BF9E4 /* ImageCache.swift */ = {isa = PBXFileReference; lastKnownFileType = sourcecode.swift; path = ImageCache.swift; sourceTree = "<group>"; };
		CDF24DCC2618BB9100CC866F /* LunchWindowViewModel.swift */ = {isa = PBXFileReference; lastKnownFileType = sourcecode.swift; path = LunchWindowViewModel.swift; sourceTree = "<group>"; };
		CDF24DF42618C67500CC866F /* SubjectsSceneViewModel.swift */ = {isa = PBXFileReference; lastKnownFileType = sourcecode.swift; path = SubjectsSceneViewModel.swift; sourceTree = "<group>"; };
		CDF24DFB2618C97200CC866F /* FirebaseGetSubjectsService.swift */ = {isa = PBXFileReference; lastKnownFileType = sourcecode.swift; path = FirebaseGetSubjectsService.swift; sourceTree = "<group>"; };
		CDFA977F2600A4F0006DB5A6 /* HomeScene.swift */ = {isa = PBXFileReference; lastKnownFileType = sourcecode.swift; path = HomeScene.swift; sourceTree = "<group>"; };
		CDFA979E2600A821006DB5A6 /* SideBar.swift */ = {isa = PBXFileReference; lastKnownFileType = sourcecode.swift; path = SideBar.swift; sourceTree = "<group>"; };
/* End PBXFileReference section */

/* Begin PBXFrameworksBuildPhase section */
		CDD9DFDA25FD13CE00E3BF53 /* Frameworks */ = {
			isa = PBXFrameworksBuildPhase;
			buildActionMask = 2147483647;
			files = (
				9A9869C7B3C8F5AF88B9F8D2 /* Pods_Voiceses__iOS_.framework in Frameworks */,
			);
			runOnlyForDeploymentPostprocessing = 0;
		};
		CDD9DFE225FD13CE00E3BF53 /* Frameworks */ = {
			isa = PBXFrameworksBuildPhase;
			buildActionMask = 2147483647;
			files = (
				B7B11286030D6ECFA15E6B17 /* Pods_Voiceses__macOS_.framework in Frameworks */,
			);
			runOnlyForDeploymentPostprocessing = 0;
		};
		CDD9DFEA25FD13CE00E3BF53 /* Frameworks */ = {
			isa = PBXFrameworksBuildPhase;
			buildActionMask = 2147483647;
			files = (
			);
			runOnlyForDeploymentPostprocessing = 0;
		};
		CDD9DFF525FD13CE00E3BF53 /* Frameworks */ = {
			isa = PBXFrameworksBuildPhase;
			buildActionMask = 2147483647;
			files = (
			);
			runOnlyForDeploymentPostprocessing = 0;
		};
/* End PBXFrameworksBuildPhase section */

/* Begin PBXGroup section */
		BD0D29B72E0FAF5422BEDBBC /* Pods */ = {
			isa = PBXGroup;
			children = (
				7B0BF16A397CB5E9A32E9A3C /* Pods-Voiceses (iOS).debug.xcconfig */,
				B322BFA62899C9BEE5F20A85 /* Pods-Voiceses (iOS).release.xcconfig */,
				07F20FD7E91CE384244DC589 /* Pods-Voiceses (macOS).debug.xcconfig */,
				6E88E14D52F7AD55086DF537 /* Pods-Voiceses (macOS).release.xcconfig */,
			);
			path = Pods;
			sourceTree = "<group>";
		};
		CD0BB30B260B254700CD0A03 /* Windows */ = {
			isa = PBXGroup;
			children = (
				CDD9DFD725FD13CD00E3BF53 /* LunchWindow.swift */,
				CDF24DCC2618BB9100CC866F /* LunchWindowViewModel.swift */,
			);
			path = Windows;
			sourceTree = "<group>";
		};
		CD0BB30C260B255F00CD0A03 /* Views */ = {
			isa = PBXGroup;
			children = (
				CD0BB30D260B259200CD0A03 /* SubjectView.swift */,
			);
			path = Views;
			sourceTree = "<group>";
		};
		CD17F242262B4E1D00C2C903 /* SearchBar */ = {
			isa = PBXGroup;
			children = (
				CD17F247262B4F1100C2C903 /* SearchBar.swift */,
			);
			path = SearchBar;
			sourceTree = "<group>";
		};
		CD30730A2637474A00E4C743 /* AddNewLectureScene_temp */ = {
			isa = PBXGroup;
			children = (
				CD30732C263752DC00E4C743 /* AddNewLectureScene_temp.swift */,
			);
			path = AddNewLectureScene_temp;
			sourceTree = "<group>";
		};
		CD30730B2637476500E4C743 /* CardsScene */ = {
			isa = PBXGroup;
			children = (
				CD3072CB2635E62A00E4C743 /* CardsSceneViewModel.swift */,
				CDD0B80E26063A38003537A8 /* CardsScene.swift */,
				CD28F989264FEE3700D87DDC /* CardView.swift */,
			);
			path = CardsScene;
			sourceTree = "<group>";
		};
		CD6078F126107F7A00928B20 /* SettingsScene */ = {
			isa = PBXGroup;
			children = (
				CD6078F226107FAC00928B20 /* SettingsScene.swift */,
			);
			path = SettingsScene;
			sourceTree = "<group>";
		};
		CD60790B261085C300928B20 /* Extensions */ = {
			isa = PBXGroup;
			children = (
				CDEE1DA6260DDD31005F6D07 /* Colors+Extenison.swift */,
				CD6079ED2610AE5F00928B20 /* UIView+Extension.swift */,
				CD6079F42610D2B700928B20 /* Encodable+Extension.swift */,
				CD607A1C2610DAA800928B20 /* Decodable+Extension.swift */,
				CD28F977264FD15F00D87DDC /* DateFormatter+Extension.swift */,
				CD28F97E264FD28600D87DDC /* Date+Extension.swift */,
			);
			path = Extensions;
			sourceTree = "<group>";
		};
		CD6079542610969F00928B20 /* Services */ = {
			isa = PBXGroup;
			children = (
				CDF1C1D12664F912002BF9E4 /* ImageCaching */,
				CDF1C1C52664F218002BF9E4 /* Global */,
				CD60795B2610970400928B20 /* Firebase */,
			);
			path = Services;
			sourceTree = "<group>";
		};
		CD60795B2610970400928B20 /* Firebase */ = {
			isa = PBXGroup;
			children = (
				CD8F03CA26454FA000059C53 /* Storage */,
				CD6079B62610A50600928B20 /* Authentication */,
				CD6079B72610A51800928B20 /* Error */,
				CD6079B52610A4F900928B20 /* Database */,
			);
			path = Firebase;
			sourceTree = "<group>";
		};
		CD6079B52610A4F900928B20 /* Database */ = {
			isa = PBXGroup;
			children = (
				CD607955261096B400928B20 /* FirebaseAddNewSubjectService.swift */,
				CD60795D2610974B00928B20 /* FirebaseDatabaseService.swift */,
				CDF24DFB2618C97200CC866F /* FirebaseGetSubjectsService.swift */,
				CD17F1E0262B18E900C2C903 /* FirebaseDeleteASubjectService.swift */,
				CD3072D22635E73900E4C743 /* FirebaseGetCardsService.swift */,
				CD8F03FC264566C900059C53 /* FirebaseAddNewCardService.swift */,
				CD28F9B92650496800D87DDC /* FirebaseDeleteACardService.swift */,
			);
			path = Database;
			sourceTree = "<group>";
		};
		CD6079B62610A50600928B20 /* Authentication */ = {
			isa = PBXGroup;
			children = (
				CD60798026109B5300928B20 /* FirebaseAuthenticationService.swift */,
			);
			path = Authentication;
			sourceTree = "<group>";
		};
		CD6079B72610A51800928B20 /* Error */ = {
			isa = PBXGroup;
			children = (
			);
			path = Error;
			sourceTree = "<group>";
		};
		CD8F03CA26454FA000059C53 /* Storage */ = {
			isa = PBXGroup;
			children = (
				CD8F03CB264550B500059C53 /* FirebaseAddNewCardImageFirebaseService.swift */,
				CD8F03D5264550E600059C53 /* FirebaseStorageService.swift */,
			);
			path = Storage;
			sourceTree = "<group>";
		};
		CDA2E4EF263D9A4200ED287C /* AddNewCard */ = {
			isa = PBXGroup;
			children = (
				CDA2E503263DA17300ED287C /* AddNewCardScene.swift */,
				CDA2E554263DD8F500ED287C /* AddNewCardViewModel.swift */,
			);
			path = AddNewCard;
			sourceTree = "<group>";
		};
		CDD0B7F8260638BC003537A8 /* Subjects */ = {
			isa = PBXGroup;
			children = (
				CDEE1D8B260DD22F005F6D07 /* Scenes */,
			);
			path = Subjects;
			sourceTree = "<group>";
		};
		CDD0B7FF260638FA003537A8 /* Cards */ = {
			isa = PBXGroup;
			children = (
				CDA2E4EF263D9A4200ED287C /* AddNewCard */,
				CD30730B2637476500E4C743 /* CardsScene */,
				CD30730A2637474A00E4C743 /* AddNewLectureScene_temp */,
			);
			path = Cards;
			sourceTree = "<group>";
		};
		CDD0B80026063911003537A8 /* Search */ = {
			isa = PBXGroup;
			children = (
				CDD0B80826063A2C003537A8 /* SearchScene.swift */,
			);
			path = Search;
			sourceTree = "<group>";
		};
		CDD0B80126063916003537A8 /* Calander */ = {
			isa = PBXGroup;
			children = (
				CDD0B80226063A1B003537A8 /* CalanderScene.swift */,
			);
			path = Calander;
			sourceTree = "<group>";
		};
		CDD0B81426063A8B003537A8 /* SideBar */ = {
			isa = PBXGroup;
			children = (
				CDFA979E2600A821006DB5A6 /* SideBar.swift */,
			);
			path = SideBar;
			sourceTree = "<group>";
		};
		CDD0B82E26063D1F003537A8 /* Models */ = {
			isa = PBXGroup;
			children = (
				CDD0B81526063AB3003537A8 /* NavigationItem.swift */,
				CD96753B26066F260067FCC5 /* Subject.swift */,
				CD8F040A264567BC00059C53 /* Card.swift */,
			);
			path = Models;
			sourceTree = "<group>";
		};
		CDD9DFD025FD13CD00E3BF53 = {
			isa = PBXGroup;
			children = (
				CDD9E04925FD626400E3BF53 /* Voiceses.entitlements */,
				CDD9DFD525FD13CD00E3BF53 /* Shared */,
				CDD9DFDF25FD13CE00E3BF53 /* iOS */,
				CDD9DFE625FD13CE00E3BF53 /* macOS */,
				CDD9DFF025FD13CE00E3BF53 /* Tests iOS */,
				CDD9DFFB25FD13CE00E3BF53 /* Tests macOS */,
				CDD9DFDE25FD13CE00E3BF53 /* Products */,
				BD0D29B72E0FAF5422BEDBBC /* Pods */,
				EAAE636648BEFF6105FE163B /* Frameworks */,
			);
			sourceTree = "<group>";
		};
		CDD9DFD525FD13CD00E3BF53 /* Shared */ = {
			isa = PBXGroup;
			children = (
				CD6079542610969F00928B20 /* Services */,
				CDEE1DA5260DDD10005F6D07 /* Utils */,
				CD0BB30B260B254700CD0A03 /* Windows */,
				CDD0B82E26063D1F003537A8 /* Models */,
				CDD9E04425FD583700E3BF53 /* GeneralViews */,
				CDD9E04325FD582E00E3BF53 /* Scenes */,
				CDD9E01825FD1B9900E3BF53 /* GoogleService-Info.plist */,
				CDD9DFD625FD13CD00E3BF53 /* VoicesesApp.swift */,
				CDD9DFD825FD13CE00E3BF53 /* Assets.xcassets */,
			);
			path = Shared;
			sourceTree = "<group>";
		};
		CDD9DFDE25FD13CE00E3BF53 /* Products */ = {
			isa = PBXGroup;
			children = (
				CDD9DFDD25FD13CE00E3BF53 /* Voiceses.app */,
				CDD9DFE525FD13CE00E3BF53 /* Voiceses.app */,
				CDD9DFED25FD13CE00E3BF53 /* Tests iOS.xctest */,
				CDD9DFF825FD13CE00E3BF53 /* Tests macOS.xctest */,
			);
			name = Products;
			sourceTree = "<group>";
		};
		CDD9DFDF25FD13CE00E3BF53 /* iOS */ = {
			isa = PBXGroup;
			children = (
				CDD9DFE025FD13CE00E3BF53 /* Info.plist */,
			);
			path = iOS;
			sourceTree = "<group>";
		};
		CDD9DFE625FD13CE00E3BF53 /* macOS */ = {
			isa = PBXGroup;
			children = (
				CDD9DFE725FD13CE00E3BF53 /* Info.plist */,
				CDD9DFE825FD13CE00E3BF53 /* macOS.entitlements */,
			);
			path = macOS;
			sourceTree = "<group>";
		};
		CDD9DFF025FD13CE00E3BF53 /* Tests iOS */ = {
			isa = PBXGroup;
			children = (
				CDD9DFF125FD13CE00E3BF53 /* Tests_iOS.swift */,
				CDD9DFF325FD13CE00E3BF53 /* Info.plist */,
			);
			path = "Tests iOS";
			sourceTree = "<group>";
		};
		CDD9DFFB25FD13CE00E3BF53 /* Tests macOS */ = {
			isa = PBXGroup;
			children = (
				CDD9DFFC25FD13CE00E3BF53 /* Tests_macOS.swift */,
				CDD9DFFE25FD13CE00E3BF53 /* Info.plist */,
			);
			path = "Tests macOS";
			sourceTree = "<group>";
		};
		CDD9E04325FD582E00E3BF53 /* Scenes */ = {
			isa = PBXGroup;
			children = (
				CD6078F126107F7A00928B20 /* SettingsScene */,
				CDD9E04E25FE2BDB00E3BF53 /* Login */,
				CDFA977E2600A4BA006DB5A6 /* Home */,
				CDD0B7F8260638BC003537A8 /* Subjects */,
				CDD0B7FF260638FA003537A8 /* Cards */,
				CDD0B80126063916003537A8 /* Calander */,
				CDD0B80026063911003537A8 /* Search */,
			);
			path = Scenes;
			sourceTree = "<group>";
		};
		CDD9E04425FD583700E3BF53 /* GeneralViews */ = {
			isa = PBXGroup;
			children = (
				CD17F242262B4E1D00C2C903 /* SearchBar */,
				CDD0B81426063A8B003537A8 /* SideBar */,
			);
			path = GeneralViews;
			sourceTree = "<group>";
		};
		CDD9E04E25FE2BDB00E3BF53 /* Login */ = {
			isa = PBXGroup;
			children = (
				CDEE1D8C260DD246005F6D07 /* Scene */,
			);
			path = Login;
			sourceTree = "<group>";
		};
		CDEE1D8B260DD22F005F6D07 /* Scenes */ = {
			isa = PBXGroup;
			children = (
				CDEE1DB6260DDE55005F6D07 /* AddNewSubjectScene */,
				CDEE1DB5260DDE4A005F6D07 /* SubjectsScene */,
			);
			path = Scenes;
			sourceTree = "<group>";
		};
		CDEE1D8C260DD246005F6D07 /* Scene */ = {
			isa = PBXGroup;
			children = (
				CDD9E05325FE2C0600E3BF53 /* LoginViewModel.swift */,
				CDD9E03C25FD3D6000E3BF53 /* LoginScene.swift */,
			);
			path = Scene;
			sourceTree = "<group>";
		};
		CDEE1DA5260DDD10005F6D07 /* Utils */ = {
			isa = PBXGroup;
			children = (
				CD60790B261085C300928B20 /* Extensions */,
			);
			path = Utils;
			sourceTree = "<group>";
		};
		CDEE1DB5260DDE4A005F6D07 /* SubjectsScene */ = {
			isa = PBXGroup;
			children = (
				CD0BB30C260B255F00CD0A03 /* Views */,
				CDD0B7F9260638DE003537A8 /* SubjectsScene.swift */,
				CDF24DF42618C67500CC866F /* SubjectsSceneViewModel.swift */,
			);
			path = SubjectsScene;
			sourceTree = "<group>";
		};
		CDEE1DB6260DDE55005F6D07 /* AddNewSubjectScene */ = {
			isa = PBXGroup;
			children = (
				CDEE1DB7260DDE72005F6D07 /* AddNewSubjectScene.swift */,
				CD6079102610873C00928B20 /* AddNewSubjectViewModel.swift */,
			);
			path = AddNewSubjectScene;
			sourceTree = "<group>";
		};
		CDF1C1C52664F218002BF9E4 /* Global */ = {
			isa = PBXGroup;
			children = (
				CDF1C1C62664F228002BF9E4 /* GlobalService.swift */,
			);
			path = Global;
			sourceTree = "<group>";
		};
		CDF1C1D12664F912002BF9E4 /* ImageCaching */ = {
			isa = PBXGroup;
			children = (
				CDF1C1D22664F92A002BF9E4 /* ImageCache.swift */,
			);
			path = ImageCaching;
			sourceTree = "<group>";
		};
		CDFA977E2600A4BA006DB5A6 /* Home */ = {
			isa = PBXGroup;
			children = (
				CDFA977F2600A4F0006DB5A6 /* HomeScene.swift */,
			);
			path = Home;
			sourceTree = "<group>";
		};
		EAAE636648BEFF6105FE163B /* Frameworks */ = {
			isa = PBXGroup;
			children = (
				A73E14C250082A6482EC8E87 /* Pods_Voiceses__iOS_.framework */,
				40106E9917A7D79C82DB5B3E /* Pods_Voiceses__macOS_.framework */,
			);
			name = Frameworks;
			sourceTree = "<group>";
		};
/* End PBXGroup section */

/* Begin PBXNativeTarget section */
		CDD9DFDC25FD13CE00E3BF53 /* Voiceses (iOS) */ = {
			isa = PBXNativeTarget;
			buildConfigurationList = CDD9E00725FD13CE00E3BF53 /* Build configuration list for PBXNativeTarget "Voiceses (iOS)" */;
			buildPhases = (
				D372F265EA804BD20A5ECFCC /* [CP] Check Pods Manifest.lock */,
				CDD9DFD925FD13CE00E3BF53 /* Sources */,
				CDD9DFDA25FD13CE00E3BF53 /* Frameworks */,
				CDD9DFDB25FD13CE00E3BF53 /* Resources */,
				05E3451641C35839880D89A9 /* [CP] Embed Pods Frameworks */,
			);
			buildRules = (
			);
			dependencies = (
			);
			name = "Voiceses (iOS)";
			productName = "Voiceses (iOS)";
			productReference = CDD9DFDD25FD13CE00E3BF53 /* Voiceses.app */;
			productType = "com.apple.product-type.application";
		};
		CDD9DFE425FD13CE00E3BF53 /* Voiceses (macOS) */ = {
			isa = PBXNativeTarget;
			buildConfigurationList = CDD9E00A25FD13CE00E3BF53 /* Build configuration list for PBXNativeTarget "Voiceses (macOS)" */;
			buildPhases = (
				384958463EDB86A2E3537CE3 /* [CP] Check Pods Manifest.lock */,
				CDD9DFE125FD13CE00E3BF53 /* Sources */,
				CDD9DFE225FD13CE00E3BF53 /* Frameworks */,
				CDD9DFE325FD13CE00E3BF53 /* Resources */,
				BF4A7844E566264401AC0FD3 /* [CP] Embed Pods Frameworks */,
			);
			buildRules = (
			);
			dependencies = (
			);
			name = "Voiceses (macOS)";
			productName = "Voiceses (macOS)";
			productReference = CDD9DFE525FD13CE00E3BF53 /* Voiceses.app */;
			productType = "com.apple.product-type.application";
		};
		CDD9DFEC25FD13CE00E3BF53 /* Tests iOS */ = {
			isa = PBXNativeTarget;
			buildConfigurationList = CDD9E00D25FD13CE00E3BF53 /* Build configuration list for PBXNativeTarget "Tests iOS" */;
			buildPhases = (
				CDD9DFE925FD13CE00E3BF53 /* Sources */,
				CDD9DFEA25FD13CE00E3BF53 /* Frameworks */,
				CDD9DFEB25FD13CE00E3BF53 /* Resources */,
			);
			buildRules = (
			);
			dependencies = (
				CDD9DFEF25FD13CE00E3BF53 /* PBXTargetDependency */,
			);
			name = "Tests iOS";
			productName = "Tests iOS";
			productReference = CDD9DFED25FD13CE00E3BF53 /* Tests iOS.xctest */;
			productType = "com.apple.product-type.bundle.ui-testing";
		};
		CDD9DFF725FD13CE00E3BF53 /* Tests macOS */ = {
			isa = PBXNativeTarget;
			buildConfigurationList = CDD9E01025FD13CE00E3BF53 /* Build configuration list for PBXNativeTarget "Tests macOS" */;
			buildPhases = (
				CDD9DFF425FD13CE00E3BF53 /* Sources */,
				CDD9DFF525FD13CE00E3BF53 /* Frameworks */,
				CDD9DFF625FD13CE00E3BF53 /* Resources */,
			);
			buildRules = (
			);
			dependencies = (
				CDD9DFFA25FD13CE00E3BF53 /* PBXTargetDependency */,
			);
			name = "Tests macOS";
			productName = "Tests macOS";
			productReference = CDD9DFF825FD13CE00E3BF53 /* Tests macOS.xctest */;
			productType = "com.apple.product-type.bundle.ui-testing";
		};
/* End PBXNativeTarget section */

/* Begin PBXProject section */
		CDD9DFD125FD13CD00E3BF53 /* Project object */ = {
			isa = PBXProject;
			attributes = {
				LastSwiftUpdateCheck = 1230;
				LastUpgradeCheck = 1230;
				TargetAttributes = {
					CDD9DFDC25FD13CE00E3BF53 = {
						CreatedOnToolsVersion = 12.3;
					};
					CDD9DFE425FD13CE00E3BF53 = {
						CreatedOnToolsVersion = 12.3;
					};
					CDD9DFEC25FD13CE00E3BF53 = {
						CreatedOnToolsVersion = 12.3;
						TestTargetID = CDD9DFDC25FD13CE00E3BF53;
					};
					CDD9DFF725FD13CE00E3BF53 = {
						CreatedOnToolsVersion = 12.3;
						TestTargetID = CDD9DFE425FD13CE00E3BF53;
					};
				};
			};
			buildConfigurationList = CDD9DFD425FD13CD00E3BF53 /* Build configuration list for PBXProject "Voiceses" */;
			compatibilityVersion = "Xcode 9.3";
			developmentRegion = en;
			hasScannedForEncodings = 0;
			knownRegions = (
				en,
				Base,
			);
			mainGroup = CDD9DFD025FD13CD00E3BF53;
			productRefGroup = CDD9DFDE25FD13CE00E3BF53 /* Products */;
			projectDirPath = "";
			projectRoot = "";
			targets = (
				CDD9DFDC25FD13CE00E3BF53 /* Voiceses (iOS) */,
				CDD9DFE425FD13CE00E3BF53 /* Voiceses (macOS) */,
				CDD9DFEC25FD13CE00E3BF53 /* Tests iOS */,
				CDD9DFF725FD13CE00E3BF53 /* Tests macOS */,
			);
		};
/* End PBXProject section */

/* Begin PBXResourcesBuildPhase section */
		CDD9DFDB25FD13CE00E3BF53 /* Resources */ = {
			isa = PBXResourcesBuildPhase;
			buildActionMask = 2147483647;
			files = (
				CDD9E00325FD13CE00E3BF53 /* Assets.xcassets in Resources */,
				CDD9E01925FD1B9900E3BF53 /* GoogleService-Info.plist in Resources */,
			);
			runOnlyForDeploymentPostprocessing = 0;
		};
		CDD9DFE325FD13CE00E3BF53 /* Resources */ = {
			isa = PBXResourcesBuildPhase;
			buildActionMask = 2147483647;
			files = (
				CDD9E00425FD13CE00E3BF53 /* Assets.xcassets in Resources */,
				CDD9E01A25FD1B9900E3BF53 /* GoogleService-Info.plist in Resources */,
			);
			runOnlyForDeploymentPostprocessing = 0;
		};
		CDD9DFEB25FD13CE00E3BF53 /* Resources */ = {
			isa = PBXResourcesBuildPhase;
			buildActionMask = 2147483647;
			files = (
			);
			runOnlyForDeploymentPostprocessing = 0;
		};
		CDD9DFF625FD13CE00E3BF53 /* Resources */ = {
			isa = PBXResourcesBuildPhase;
			buildActionMask = 2147483647;
			files = (
			);
			runOnlyForDeploymentPostprocessing = 0;
		};
/* End PBXResourcesBuildPhase section */

/* Begin PBXShellScriptBuildPhase section */
		05E3451641C35839880D89A9 /* [CP] Embed Pods Frameworks */ = {
			isa = PBXShellScriptBuildPhase;
			buildActionMask = 2147483647;
			files = (
			);
			inputFileListPaths = (
				"${PODS_ROOT}/Target Support Files/Pods-Voiceses (iOS)/Pods-Voiceses (iOS)-frameworks-${CONFIGURATION}-input-files.xcfilelist",
			);
			name = "[CP] Embed Pods Frameworks";
			outputFileListPaths = (
				"${PODS_ROOT}/Target Support Files/Pods-Voiceses (iOS)/Pods-Voiceses (iOS)-frameworks-${CONFIGURATION}-output-files.xcfilelist",
			);
			runOnlyForDeploymentPostprocessing = 0;
			shellPath = /bin/sh;
			shellScript = "\"${PODS_ROOT}/Target Support Files/Pods-Voiceses (iOS)/Pods-Voiceses (iOS)-frameworks.sh\"\n";
			showEnvVarsInLog = 0;
		};
		384958463EDB86A2E3537CE3 /* [CP] Check Pods Manifest.lock */ = {
			isa = PBXShellScriptBuildPhase;
			buildActionMask = 2147483647;
			files = (
			);
			inputFileListPaths = (
			);
			inputPaths = (
				"${PODS_PODFILE_DIR_PATH}/Podfile.lock",
				"${PODS_ROOT}/Manifest.lock",
			);
			name = "[CP] Check Pods Manifest.lock";
			outputFileListPaths = (
			);
			outputPaths = (
				"$(DERIVED_FILE_DIR)/Pods-Voiceses (macOS)-checkManifestLockResult.txt",
			);
			runOnlyForDeploymentPostprocessing = 0;
			shellPath = /bin/sh;
			shellScript = "diff \"${PODS_PODFILE_DIR_PATH}/Podfile.lock\" \"${PODS_ROOT}/Manifest.lock\" > /dev/null\nif [ $? != 0 ] ; then\n    # print error to STDERR\n    echo \"error: The sandbox is not in sync with the Podfile.lock. Run 'pod install' or update your CocoaPods installation.\" >&2\n    exit 1\nfi\n# This output is used by Xcode 'outputs' to avoid re-running this script phase.\necho \"SUCCESS\" > \"${SCRIPT_OUTPUT_FILE_0}\"\n";
			showEnvVarsInLog = 0;
		};
		BF4A7844E566264401AC0FD3 /* [CP] Embed Pods Frameworks */ = {
			isa = PBXShellScriptBuildPhase;
			buildActionMask = 2147483647;
			files = (
			);
			inputFileListPaths = (
				"${PODS_ROOT}/Target Support Files/Pods-Voiceses (macOS)/Pods-Voiceses (macOS)-frameworks-${CONFIGURATION}-input-files.xcfilelist",
			);
			name = "[CP] Embed Pods Frameworks";
			outputFileListPaths = (
				"${PODS_ROOT}/Target Support Files/Pods-Voiceses (macOS)/Pods-Voiceses (macOS)-frameworks-${CONFIGURATION}-output-files.xcfilelist",
			);
			runOnlyForDeploymentPostprocessing = 0;
			shellPath = /bin/sh;
			shellScript = "\"${PODS_ROOT}/Target Support Files/Pods-Voiceses (macOS)/Pods-Voiceses (macOS)-frameworks.sh\"\n";
			showEnvVarsInLog = 0;
		};
		D372F265EA804BD20A5ECFCC /* [CP] Check Pods Manifest.lock */ = {
			isa = PBXShellScriptBuildPhase;
			buildActionMask = 2147483647;
			files = (
			);
			inputFileListPaths = (
			);
			inputPaths = (
				"${PODS_PODFILE_DIR_PATH}/Podfile.lock",
				"${PODS_ROOT}/Manifest.lock",
			);
			name = "[CP] Check Pods Manifest.lock";
			outputFileListPaths = (
			);
			outputPaths = (
				"$(DERIVED_FILE_DIR)/Pods-Voiceses (iOS)-checkManifestLockResult.txt",
			);
			runOnlyForDeploymentPostprocessing = 0;
			shellPath = /bin/sh;
			shellScript = "diff \"${PODS_PODFILE_DIR_PATH}/Podfile.lock\" \"${PODS_ROOT}/Manifest.lock\" > /dev/null\nif [ $? != 0 ] ; then\n    # print error to STDERR\n    echo \"error: The sandbox is not in sync with the Podfile.lock. Run 'pod install' or update your CocoaPods installation.\" >&2\n    exit 1\nfi\n# This output is used by Xcode 'outputs' to avoid re-running this script phase.\necho \"SUCCESS\" > \"${SCRIPT_OUTPUT_FILE_0}\"\n";
			showEnvVarsInLog = 0;
		};
/* End PBXShellScriptBuildPhase section */

/* Begin PBXSourcesBuildPhase section */
		CDD9DFD925FD13CE00E3BF53 /* Sources */ = {
			isa = PBXSourcesBuildPhase;
			buildActionMask = 2147483647;
			files = (
				CD6079EE2610AE5F00928B20 /* UIView+Extension.swift in Sources */,
				CD6079F52610D2B700928B20 /* Encodable+Extension.swift in Sources */,
				CD28F97F264FD28600D87DDC /* Date+Extension.swift in Sources */,
				CD17F1E1262B18E900C2C903 /* FirebaseDeleteASubjectService.swift in Sources */,
				CD60795E2610974B00928B20 /* FirebaseDatabaseService.swift in Sources */,
				CDF24DF52618C67500CC866F /* SubjectsSceneViewModel.swift in Sources */,
				CD96753C26066F260067FCC5 /* Subject.swift in Sources */,
				CD607956261096B400928B20 /* FirebaseAddNewSubjectService.swift in Sources */,
				CDF1C1C72664F228002BF9E4 /* GlobalService.swift in Sources */,
				CD30732D263752DC00E4C743 /* AddNewLectureScene_temp.swift in Sources */,
				CDD9E00125FD13CE00E3BF53 /* LunchWindow.swift in Sources */,
				CDD0B80F26063A38003537A8 /* CardsScene.swift in Sources */,
				CDEE1DB8260DDE72005F6D07 /* AddNewSubjectScene.swift in Sources */,
				CDA2E504263DA17300ED287C /* AddNewCardScene.swift in Sources */,
				CDEE1DA7260DDD31005F6D07 /* Colors+Extenison.swift in Sources */,
				CD28F98A264FEE3700D87DDC /* CardView.swift in Sources */,
				CDD9E05425FE2C0600E3BF53 /* LoginViewModel.swift in Sources */,
				CDF1C1D32664F92A002BF9E4 /* ImageCache.swift in Sources */,
				CD28F978264FD15F00D87DDC /* DateFormatter+Extension.swift in Sources */,
				CD3072D32635E73900E4C743 /* FirebaseGetCardsService.swift in Sources */,
				CD8F03CC264550B500059C53 /* FirebaseAddNewCardImageFirebaseService.swift in Sources */,
				CD8F03FD264566C900059C53 /* FirebaseAddNewCardService.swift in Sources */,
				CDD0B7FA260638DE003537A8 /* SubjectsScene.swift in Sources */,
				CDA2E555263DD8F500ED287C /* AddNewCardViewModel.swift in Sources */,
				CDD9E03D25FD3D6000E3BF53 /* LoginScene.swift in Sources */,
				CD8F040B264567BC00059C53 /* Card.swift in Sources */,
				CDD0B81626063AB3003537A8 /* NavigationItem.swift in Sources */,
				CDFA97802600A4F0006DB5A6 /* HomeScene.swift in Sources */,
				CD8F03D6264550E600059C53 /* FirebaseStorageService.swift in Sources */,
				CDD0B80926063A2C003537A8 /* SearchScene.swift in Sources */,
				CD0BB30E260B259200CD0A03 /* SubjectView.swift in Sources */,
				CDFA979F2600A821006DB5A6 /* SideBar.swift in Sources */,
				CD6079112610873C00928B20 /* AddNewSubjectViewModel.swift in Sources */,
				CD6078F326107FAC00928B20 /* SettingsScene.swift in Sources */,
				CD3072CC2635E62A00E4C743 /* CardsSceneViewModel.swift in Sources */,
				CD17F248262B4F1100C2C903 /* SearchBar.swift in Sources */,
				CDF24DCD2618BB9100CC866F /* LunchWindowViewModel.swift in Sources */,
				CD28F9BA2650496800D87DDC /* FirebaseDeleteACardService.swift in Sources */,
				CDD0B80326063A1B003537A8 /* CalanderScene.swift in Sources */,
				CDD9DFFF25FD13CE00E3BF53 /* VoicesesApp.swift in Sources */,
				CD60798126109B5300928B20 /* FirebaseAuthenticationService.swift in Sources */,
				CDF24DFC2618C97200CC866F /* FirebaseGetSubjectsService.swift in Sources */,
				CD607A1D2610DAA800928B20 /* Decodable+Extension.swift in Sources */,
			);
			runOnlyForDeploymentPostprocessing = 0;
		};
		CDD9DFE125FD13CE00E3BF53 /* Sources */ = {
			isa = PBXSourcesBuildPhase;
			buildActionMask = 2147483647;
			files = (
				CD6079EF2610AE5F00928B20 /* UIView+Extension.swift in Sources */,
				CD6079F62610D2B700928B20 /* Encodable+Extension.swift in Sources */,
				CD17F1E2262B18E900C2C903 /* FirebaseDeleteASubjectService.swift in Sources */,
				CD96753D26066F260067FCC5 /* Subject.swift in Sources */,
				CDF24DF62618C67500CC866F /* SubjectsSceneViewModel.swift in Sources */,
				CD28F9BB2650496800D87DDC /* FirebaseDeleteACardService.swift in Sources */,
				CD96752726065E460067FCC5 /* SearchScene.swift in Sources */,
				CDFA97A02600A821006DB5A6 /* SideBar.swift in Sources */,
				CD30732E263752DC00E4C743 /* AddNewLectureScene_temp.swift in Sources */,
				CDEE1DB9260DDE72005F6D07 /* AddNewSubjectScene.swift in Sources */,
				CDF1C1C82664F228002BF9E4 /* GlobalService.swift in Sources */,
				CD28F980264FD28600D87DDC /* Date+Extension.swift in Sources */,
				CD8F040C264567BC00059C53 /* Card.swift in Sources */,
				CDEE1DA8260DDD31005F6D07 /* Colors+Extenison.swift in Sources */,
				CD96751D26065E420067FCC5 /* SubjectsScene.swift in Sources */,
				CD6079CB2610A5A800928B20 /* FirebaseDatabaseService.swift in Sources */,
				CD28F98B264FEE3700D87DDC /* CardView.swift in Sources */,
				CD96753126065E4F0067FCC5 /* HomeScene.swift in Sources */,
				CDF1C1D42664F92A002BF9E4 /* ImageCache.swift in Sources */,
				CD3072D42635E73900E4C743 /* FirebaseGetCardsService.swift in Sources */,
				CDD9E00225FD13CE00E3BF53 /* LunchWindow.swift in Sources */,
				CD96753626065E550067FCC5 /* NavigationItem.swift in Sources */,
				CD96752C26065E490067FCC5 /* CardsScene.swift in Sources */,
				CD6079BC2610A59F00928B20 /* FirebaseAuthenticationService.swift in Sources */,
				CDD9E05525FE2C0600E3BF53 /* LoginViewModel.swift in Sources */,
				CD28F979264FD15F00D87DDC /* DateFormatter+Extension.swift in Sources */,
				CD0BB30F260B259200CD0A03 /* SubjectView.swift in Sources */,
				CD96752226065E440067FCC5 /* CalanderScene.swift in Sources */,
				CD6079122610873C00928B20 /* AddNewSubjectViewModel.swift in Sources */,
				CD6078F426107FAC00928B20 /* SettingsScene.swift in Sources */,
				CD3072CD2635E62A00E4C743 /* CardsSceneViewModel.swift in Sources */,
				CD17F249262B4F1100C2C903 /* SearchBar.swift in Sources */,
				CDF24DCE2618BB9100CC866F /* LunchWindowViewModel.swift in Sources */,
				CDD9E03E25FD3D6000E3BF53 /* LoginScene.swift in Sources */,
				CD6079C62610A5A600928B20 /* FirebaseAddNewSubjectService.swift in Sources */,
				CDD9E00025FD13CE00E3BF53 /* VoicesesApp.swift in Sources */,
				CDF24DFD2618C97200CC866F /* FirebaseGetSubjectsService.swift in Sources */,
				CD607A1E2610DAA800928B20 /* Decodable+Extension.swift in Sources */,
			);
			runOnlyForDeploymentPostprocessing = 0;
		};
		CDD9DFE925FD13CE00E3BF53 /* Sources */ = {
			isa = PBXSourcesBuildPhase;
			buildActionMask = 2147483647;
			files = (
				CDD9DFF225FD13CE00E3BF53 /* Tests_iOS.swift in Sources */,
			);
			runOnlyForDeploymentPostprocessing = 0;
		};
		CDD9DFF425FD13CE00E3BF53 /* Sources */ = {
			isa = PBXSourcesBuildPhase;
			buildActionMask = 2147483647;
			files = (
				CDD9DFFD25FD13CE00E3BF53 /* Tests_macOS.swift in Sources */,
			);
			runOnlyForDeploymentPostprocessing = 0;
		};
/* End PBXSourcesBuildPhase section */

/* Begin PBXTargetDependency section */
		CDD9DFEF25FD13CE00E3BF53 /* PBXTargetDependency */ = {
			isa = PBXTargetDependency;
			target = CDD9DFDC25FD13CE00E3BF53 /* Voiceses (iOS) */;
			targetProxy = CDD9DFEE25FD13CE00E3BF53 /* PBXContainerItemProxy */;
		};
		CDD9DFFA25FD13CE00E3BF53 /* PBXTargetDependency */ = {
			isa = PBXTargetDependency;
			target = CDD9DFE425FD13CE00E3BF53 /* Voiceses (macOS) */;
			targetProxy = CDD9DFF925FD13CE00E3BF53 /* PBXContainerItemProxy */;
		};
/* End PBXTargetDependency section */

/* Begin XCBuildConfiguration section */
		CDD9E00525FD13CE00E3BF53 /* Debug */ = {
			isa = XCBuildConfiguration;
			buildSettings = {
				ALWAYS_SEARCH_USER_PATHS = NO;
				CLANG_ANALYZER_NONNULL = YES;
				CLANG_ANALYZER_NUMBER_OBJECT_CONVERSION = YES_AGGRESSIVE;
				CLANG_CXX_LANGUAGE_STANDARD = "gnu++14";
				CLANG_CXX_LIBRARY = "libc++";
				CLANG_ENABLE_MODULES = YES;
				CLANG_ENABLE_OBJC_ARC = YES;
				CLANG_ENABLE_OBJC_WEAK = YES;
				CLANG_WARN_BLOCK_CAPTURE_AUTORELEASING = YES;
				CLANG_WARN_BOOL_CONVERSION = YES;
				CLANG_WARN_COMMA = YES;
				CLANG_WARN_CONSTANT_CONVERSION = YES;
				CLANG_WARN_DEPRECATED_OBJC_IMPLEMENTATIONS = YES;
				CLANG_WARN_DIRECT_OBJC_ISA_USAGE = YES_ERROR;
				CLANG_WARN_DOCUMENTATION_COMMENTS = YES;
				CLANG_WARN_EMPTY_BODY = YES;
				CLANG_WARN_ENUM_CONVERSION = YES;
				CLANG_WARN_INFINITE_RECURSION = YES;
				CLANG_WARN_INT_CONVERSION = YES;
				CLANG_WARN_NON_LITERAL_NULL_CONVERSION = YES;
				CLANG_WARN_OBJC_IMPLICIT_RETAIN_SELF = YES;
				CLANG_WARN_OBJC_LITERAL_CONVERSION = YES;
				CLANG_WARN_OBJC_ROOT_CLASS = YES_ERROR;
				CLANG_WARN_QUOTED_INCLUDE_IN_FRAMEWORK_HEADER = YES;
				CLANG_WARN_RANGE_LOOP_ANALYSIS = YES;
				CLANG_WARN_STRICT_PROTOTYPES = YES;
				CLANG_WARN_SUSPICIOUS_MOVE = YES;
				CLANG_WARN_UNGUARDED_AVAILABILITY = YES_AGGRESSIVE;
				CLANG_WARN_UNREACHABLE_CODE = YES;
				CLANG_WARN__DUPLICATE_METHOD_MATCH = YES;
				COPY_PHASE_STRIP = NO;
				DEBUG_INFORMATION_FORMAT = dwarf;
				ENABLE_STRICT_OBJC_MSGSEND = YES;
				ENABLE_TESTABILITY = YES;
				GCC_C_LANGUAGE_STANDARD = gnu11;
				GCC_DYNAMIC_NO_PIC = NO;
				GCC_NO_COMMON_BLOCKS = YES;
				GCC_OPTIMIZATION_LEVEL = 0;
				GCC_PREPROCESSOR_DEFINITIONS = (
					"DEBUG=1",
					"$(inherited)",
				);
				GCC_WARN_64_TO_32_BIT_CONVERSION = YES;
				GCC_WARN_ABOUT_RETURN_TYPE = YES_ERROR;
				GCC_WARN_UNDECLARED_SELECTOR = YES;
				GCC_WARN_UNINITIALIZED_AUTOS = YES_AGGRESSIVE;
				GCC_WARN_UNUSED_FUNCTION = YES;
				GCC_WARN_UNUSED_VARIABLE = YES;
				MTL_ENABLE_DEBUG_INFO = INCLUDE_SOURCE;
				MTL_FAST_MATH = YES;
				ONLY_ACTIVE_ARCH = YES;
				OTHER_LDFLAGS = "-ObjC";
				SWIFT_ACTIVE_COMPILATION_CONDITIONS = DEBUG;
				SWIFT_OPTIMIZATION_LEVEL = "-Onone";
			};
			name = Debug;
		};
		CDD9E00625FD13CE00E3BF53 /* Release */ = {
			isa = XCBuildConfiguration;
			buildSettings = {
				ALWAYS_SEARCH_USER_PATHS = NO;
				CLANG_ANALYZER_NONNULL = YES;
				CLANG_ANALYZER_NUMBER_OBJECT_CONVERSION = YES_AGGRESSIVE;
				CLANG_CXX_LANGUAGE_STANDARD = "gnu++14";
				CLANG_CXX_LIBRARY = "libc++";
				CLANG_ENABLE_MODULES = YES;
				CLANG_ENABLE_OBJC_ARC = YES;
				CLANG_ENABLE_OBJC_WEAK = YES;
				CLANG_WARN_BLOCK_CAPTURE_AUTORELEASING = YES;
				CLANG_WARN_BOOL_CONVERSION = YES;
				CLANG_WARN_COMMA = YES;
				CLANG_WARN_CONSTANT_CONVERSION = YES;
				CLANG_WARN_DEPRECATED_OBJC_IMPLEMENTATIONS = YES;
				CLANG_WARN_DIRECT_OBJC_ISA_USAGE = YES_ERROR;
				CLANG_WARN_DOCUMENTATION_COMMENTS = YES;
				CLANG_WARN_EMPTY_BODY = YES;
				CLANG_WARN_ENUM_CONVERSION = YES;
				CLANG_WARN_INFINITE_RECURSION = YES;
				CLANG_WARN_INT_CONVERSION = YES;
				CLANG_WARN_NON_LITERAL_NULL_CONVERSION = YES;
				CLANG_WARN_OBJC_IMPLICIT_RETAIN_SELF = YES;
				CLANG_WARN_OBJC_LITERAL_CONVERSION = YES;
				CLANG_WARN_OBJC_ROOT_CLASS = YES_ERROR;
				CLANG_WARN_QUOTED_INCLUDE_IN_FRAMEWORK_HEADER = YES;
				CLANG_WARN_RANGE_LOOP_ANALYSIS = YES;
				CLANG_WARN_STRICT_PROTOTYPES = YES;
				CLANG_WARN_SUSPICIOUS_MOVE = YES;
				CLANG_WARN_UNGUARDED_AVAILABILITY = YES_AGGRESSIVE;
				CLANG_WARN_UNREACHABLE_CODE = YES;
				CLANG_WARN__DUPLICATE_METHOD_MATCH = YES;
				COPY_PHASE_STRIP = NO;
				DEBUG_INFORMATION_FORMAT = "dwarf-with-dsym";
				ENABLE_NS_ASSERTIONS = NO;
				ENABLE_STRICT_OBJC_MSGSEND = YES;
				GCC_C_LANGUAGE_STANDARD = gnu11;
				GCC_NO_COMMON_BLOCKS = YES;
				GCC_WARN_64_TO_32_BIT_CONVERSION = YES;
				GCC_WARN_ABOUT_RETURN_TYPE = YES_ERROR;
				GCC_WARN_UNDECLARED_SELECTOR = YES;
				GCC_WARN_UNINITIALIZED_AUTOS = YES_AGGRESSIVE;
				GCC_WARN_UNUSED_FUNCTION = YES;
				GCC_WARN_UNUSED_VARIABLE = YES;
				MTL_ENABLE_DEBUG_INFO = NO;
				MTL_FAST_MATH = YES;
				OTHER_LDFLAGS = "-ObjC";
				SWIFT_COMPILATION_MODE = wholemodule;
				SWIFT_OPTIMIZATION_LEVEL = "-O";
			};
			name = Release;
		};
		CDD9E00825FD13CE00E3BF53 /* Debug */ = {
			isa = XCBuildConfiguration;
			baseConfigurationReference = 7B0BF16A397CB5E9A32E9A3C /* Pods-Voiceses (iOS).debug.xcconfig */;
			buildSettings = {
				ASSETCATALOG_COMPILER_APPICON_NAME = AppIcon;
				ASSETCATALOG_COMPILER_GLOBAL_ACCENT_COLOR_NAME = AccentColor;
				CODE_SIGN_ENTITLEMENTS = Voiceses.entitlements;
				CODE_SIGN_STYLE = Automatic;
				DEVELOPMENT_TEAM = 5S7V735958;
				ENABLE_PREVIEWS = YES;
				INFOPLIST_FILE = iOS/Info.plist;
				IPHONEOS_DEPLOYMENT_TARGET = 14.0;
				LD_RUNPATH_SEARCH_PATHS = (
					"$(inherited)",
					"@executable_path/Frameworks",
				);
				PRODUCT_BUNDLE_IDENTIFIER = com.radibaraq.Voiceses;
				PRODUCT_NAME = Voiceses;
				SDKROOT = iphoneos;
				SWIFT_VERSION = 5.0;
				TARGETED_DEVICE_FAMILY = "1,2";
			};
			name = Debug;
		};
		CDD9E00925FD13CE00E3BF53 /* Release */ = {
			isa = XCBuildConfiguration;
			baseConfigurationReference = B322BFA62899C9BEE5F20A85 /* Pods-Voiceses (iOS).release.xcconfig */;
			buildSettings = {
				ASSETCATALOG_COMPILER_APPICON_NAME = AppIcon;
				ASSETCATALOG_COMPILER_GLOBAL_ACCENT_COLOR_NAME = AccentColor;
				CODE_SIGN_ENTITLEMENTS = Voiceses.entitlements;
				CODE_SIGN_STYLE = Automatic;
				DEVELOPMENT_TEAM = 5S7V735958;
				ENABLE_PREVIEWS = YES;
				INFOPLIST_FILE = iOS/Info.plist;
				IPHONEOS_DEPLOYMENT_TARGET = 14.0;
				LD_RUNPATH_SEARCH_PATHS = (
					"$(inherited)",
					"@executable_path/Frameworks",
				);
				PRODUCT_BUNDLE_IDENTIFIER = com.radibaraq.Voiceses;
				PRODUCT_NAME = Voiceses;
				SDKROOT = iphoneos;
				SWIFT_VERSION = 5.0;
				TARGETED_DEVICE_FAMILY = "1,2";
				VALIDATE_PRODUCT = YES;
			};
			name = Release;
		};
		CDD9E00B25FD13CE00E3BF53 /* Debug */ = {
			isa = XCBuildConfiguration;
			baseConfigurationReference = 07F20FD7E91CE384244DC589 /* Pods-Voiceses (macOS).debug.xcconfig */;
			buildSettings = {
				ASSETCATALOG_COMPILER_APPICON_NAME = AppIcon;
				ASSETCATALOG_COMPILER_GLOBAL_ACCENT_COLOR_NAME = AccentColor;
				CODE_SIGN_ENTITLEMENTS = macOS/macOS.entitlements;
				CODE_SIGN_IDENTITY = "Apple Development";
				CODE_SIGN_STYLE = Automatic;
				COMBINE_HIDPI_IMAGES = YES;
				DEVELOPMENT_TEAM = 5S7V735958;
				ENABLE_HARDENED_RUNTIME = YES;
				ENABLE_PREVIEWS = YES;
				INFOPLIST_FILE = macOS/Info.plist;
				LD_RUNPATH_SEARCH_PATHS = (
					"$(inherited)",
					"@executable_path/../Frameworks",
				);
				MACOSX_DEPLOYMENT_TARGET = 11.0;
				PRODUCT_BUNDLE_IDENTIFIER = com.radibaraq.Voiceses;
				PRODUCT_NAME = Voiceses;
				SDKROOT = macosx;
				SWIFT_VERSION = 5.0;
			};
			name = Debug;
		};
		CDD9E00C25FD13CE00E3BF53 /* Release */ = {
			isa = XCBuildConfiguration;
			baseConfigurationReference = 6E88E14D52F7AD55086DF537 /* Pods-Voiceses (macOS).release.xcconfig */;
			buildSettings = {
				ASSETCATALOG_COMPILER_APPICON_NAME = AppIcon;
				ASSETCATALOG_COMPILER_GLOBAL_ACCENT_COLOR_NAME = AccentColor;
				CODE_SIGN_ENTITLEMENTS = macOS/macOS.entitlements;
				CODE_SIGN_IDENTITY = "Apple Development";
				CODE_SIGN_STYLE = Automatic;
				COMBINE_HIDPI_IMAGES = YES;
				DEVELOPMENT_TEAM = 5S7V735958;
				ENABLE_HARDENED_RUNTIME = YES;
				ENABLE_PREVIEWS = YES;
				INFOPLIST_FILE = macOS/Info.plist;
				LD_RUNPATH_SEARCH_PATHS = (
					"$(inherited)",
					"@executable_path/../Frameworks",
				);
				MACOSX_DEPLOYMENT_TARGET = 11.0;
				PRODUCT_BUNDLE_IDENTIFIER = com.radibaraq.Voiceses;
				PRODUCT_NAME = Voiceses;
				SDKROOT = macosx;
				SWIFT_VERSION = 5.0;
			};
			name = Release;
		};
		CDD9E00E25FD13CE00E3BF53 /* Debug */ = {
			isa = XCBuildConfiguration;
			buildSettings = {
				ALWAYS_EMBED_SWIFT_STANDARD_LIBRARIES = YES;
				CODE_SIGN_STYLE = Automatic;
				DEVELOPMENT_TEAM = 5S7V735958;
				INFOPLIST_FILE = "Tests iOS/Info.plist";
				IPHONEOS_DEPLOYMENT_TARGET = 14.3;
				LD_RUNPATH_SEARCH_PATHS = (
					"$(inherited)",
					"@executable_path/Frameworks",
					"@loader_path/Frameworks",
				);
				PRODUCT_BUNDLE_IDENTIFIER = "com.radibaraq.Tests-iOS";
				PRODUCT_NAME = "$(TARGET_NAME)";
				SDKROOT = iphoneos;
				SWIFT_VERSION = 5.0;
				TARGETED_DEVICE_FAMILY = "1,2";
				TEST_TARGET_NAME = "Voiceses (iOS)";
			};
			name = Debug;
		};
		CDD9E00F25FD13CE00E3BF53 /* Release */ = {
			isa = XCBuildConfiguration;
			buildSettings = {
				ALWAYS_EMBED_SWIFT_STANDARD_LIBRARIES = YES;
				CODE_SIGN_STYLE = Automatic;
				DEVELOPMENT_TEAM = 5S7V735958;
				INFOPLIST_FILE = "Tests iOS/Info.plist";
				IPHONEOS_DEPLOYMENT_TARGET = 14.3;
				LD_RUNPATH_SEARCH_PATHS = (
					"$(inherited)",
					"@executable_path/Frameworks",
					"@loader_path/Frameworks",
				);
				PRODUCT_BUNDLE_IDENTIFIER = "com.radibaraq.Tests-iOS";
				PRODUCT_NAME = "$(TARGET_NAME)";
				SDKROOT = iphoneos;
				SWIFT_VERSION = 5.0;
				TARGETED_DEVICE_FAMILY = "1,2";
				TEST_TARGET_NAME = "Voiceses (iOS)";
				VALIDATE_PRODUCT = YES;
			};
			name = Release;
		};
		CDD9E01125FD13CE00E3BF53 /* Debug */ = {
			isa = XCBuildConfiguration;
			buildSettings = {
				ALWAYS_EMBED_SWIFT_STANDARD_LIBRARIES = YES;
				CODE_SIGN_STYLE = Automatic;
				COMBINE_HIDPI_IMAGES = YES;
				DEVELOPMENT_TEAM = 5S7V735958;
				INFOPLIST_FILE = "Tests macOS/Info.plist";
				LD_RUNPATH_SEARCH_PATHS = (
					"$(inherited)",
					"@executable_path/../Frameworks",
					"@loader_path/../Frameworks",
				);
				MACOSX_DEPLOYMENT_TARGET = 11.0;
				PRODUCT_BUNDLE_IDENTIFIER = "com.radibaraq.Tests-macOS";
				PRODUCT_NAME = "$(TARGET_NAME)";
				SDKROOT = macosx;
				SWIFT_VERSION = 5.0;
				TEST_TARGET_NAME = "Voiceses (macOS)";
			};
			name = Debug;
		};
		CDD9E01225FD13CE00E3BF53 /* Release */ = {
			isa = XCBuildConfiguration;
			buildSettings = {
				ALWAYS_EMBED_SWIFT_STANDARD_LIBRARIES = YES;
				CODE_SIGN_STYLE = Automatic;
				COMBINE_HIDPI_IMAGES = YES;
				DEVELOPMENT_TEAM = 5S7V735958;
				INFOPLIST_FILE = "Tests macOS/Info.plist";
				LD_RUNPATH_SEARCH_PATHS = (
					"$(inherited)",
					"@executable_path/../Frameworks",
					"@loader_path/../Frameworks",
				);
				MACOSX_DEPLOYMENT_TARGET = 11.0;
				PRODUCT_BUNDLE_IDENTIFIER = "com.radibaraq.Tests-macOS";
				PRODUCT_NAME = "$(TARGET_NAME)";
				SDKROOT = macosx;
				SWIFT_VERSION = 5.0;
				TEST_TARGET_NAME = "Voiceses (macOS)";
			};
			name = Release;
		};
/* End XCBuildConfiguration section */

/* Begin XCConfigurationList section */
		CDD9DFD425FD13CD00E3BF53 /* Build configuration list for PBXProject "Voiceses" */ = {
			isa = XCConfigurationList;
			buildConfigurations = (
				CDD9E00525FD13CE00E3BF53 /* Debug */,
				CDD9E00625FD13CE00E3BF53 /* Release */,
			);
			defaultConfigurationIsVisible = 0;
			defaultConfigurationName = Release;
		};
		CDD9E00725FD13CE00E3BF53 /* Build configuration list for PBXNativeTarget "Voiceses (iOS)" */ = {
			isa = XCConfigurationList;
			buildConfigurations = (
				CDD9E00825FD13CE00E3BF53 /* Debug */,
				CDD9E00925FD13CE00E3BF53 /* Release */,
			);
			defaultConfigurationIsVisible = 0;
			defaultConfigurationName = Release;
		};
		CDD9E00A25FD13CE00E3BF53 /* Build configuration list for PBXNativeTarget "Voiceses (macOS)" */ = {
			isa = XCConfigurationList;
			buildConfigurations = (
				CDD9E00B25FD13CE00E3BF53 /* Debug */,
				CDD9E00C25FD13CE00E3BF53 /* Release */,
			);
			defaultConfigurationIsVisible = 0;
			defaultConfigurationName = Release;
		};
		CDD9E00D25FD13CE00E3BF53 /* Build configuration list for PBXNativeTarget "Tests iOS" */ = {
			isa = XCConfigurationList;
			buildConfigurations = (
				CDD9E00E25FD13CE00E3BF53 /* Debug */,
				CDD9E00F25FD13CE00E3BF53 /* Release */,
			);
			defaultConfigurationIsVisible = 0;
			defaultConfigurationName = Release;
		};
		CDD9E01025FD13CE00E3BF53 /* Build configuration list for PBXNativeTarget "Tests macOS" */ = {
			isa = XCConfigurationList;
			buildConfigurations = (
				CDD9E01125FD13CE00E3BF53 /* Debug */,
				CDD9E01225FD13CE00E3BF53 /* Release */,
			);
			defaultConfigurationIsVisible = 0;
			defaultConfigurationName = Release;
		};
/* End XCConfigurationList section */
	};
	rootObject = CDD9DFD125FD13CD00E3BF53 /* Project object */;
}
